
Microsoft Visual Studio Solution File, Format Version 12.00
# Visual Studio Version 17
VisualStudioVersion = 17.3.32901.215
MinimumVisualStudioVersion = 10.0.40219.1
Project("{9A19103F-16F7-4668-BE54-9A1E7A4F7556}") = "Webbgame", "Webbgame\Webbgame.csproj", "{2D567504-E46D-40FD-8C4C-23714BDC4322}"
EndProject
Project("{2150E333-8FDC-42A3-9474-1A3956D46DE8}") = "API", "API", "{76B21D96-4F18-4E24-8EC8-D167D67E0A17}"
EndProject
Project("{2150E333-8FDC-42A3-9474-1A3956D46DE8}") = "Domain", "Domain", "{67D9D261-028A-4C47-8637-B0A5357BB082}"
EndProject
Project("{9A19103F-16F7-4668-BE54-9A1E7A4F7556}") = "Contracts", "Contracts\Contracts.csproj", "{27A530CB-3ECF-40CD-AF4F-6E64BC3FDE65}"
EndProject
Project("{9A19103F-16F7-4668-BE54-9A1E7A4F7556}") = "LoggerService", "LoggerService\LoggerService.csproj", "{55B39C11-4218-4B3C-9533-EC7426AEC2B3}"
EndProject
Project("{9A19103F-16F7-4668-BE54-9A1E7A4F7556}") = "Entities", "Entities\Entities.csproj", "{03A7C066-A401-42A2-9ABD-EB2EC0C945A1}"
EndProject
Project("{2150E333-8FDC-42A3-9474-1A3956D46DE8}") = "Infastructure", "Infastructure", "{949E8143-43F5-429C-ADA1-85EFAE53B23E}"
EndProject
Project("{9A19103F-16F7-4668-BE54-9A1E7A4F7556}") = "Repository", "Repository\Repository.csproj", "{E6AE0CF6-65BA-413C-A659-0624C42FF3C8}"
EndProject
Project("{2150E333-8FDC-42A3-9474-1A3956D46DE8}") = "Application", "Application", "{72C59BE6-9D68-4BB5-BAA4-598D74D98AF6}"
EndProject
Project("{9A19103F-16F7-4668-BE54-9A1E7A4F7556}") = "Service.Contracts", "Service.Contracts\Service.Contracts.csproj", "{DC3828C0-7842-499D-833F-4F0AE01274E5}"
EndProject
Project("{9A19103F-16F7-4668-BE54-9A1E7A4F7556}") = "Service", "Service\Service.csproj", "{E1FA562E-234C-4B73-960E-D5C426CB791A}"
EndProject
Project("{9A19103F-16F7-4668-BE54-9A1E7A4F7556}") = "Webbgame.Presentation", "Webbgame.Presentation\Webbgame.Presentation.csproj", "{E0C03861-F7D8-4DB9-88E5-C4A1AB5F7CC8}"
EndProject
Project("{9A19103F-16F7-4668-BE54-9A1E7A4F7556}") = "SharedHelpers", "Shared\SharedHelpers.csproj", "{0A23AA0A-736A-40A3-847B-E63C2C0B097B}"
EndProject
Project("{2150E333-8FDC-42A3-9474-1A3956D46DE8}") = "UI", "UI", "{237EA415-974B-4665-8B21-9FA6914C7B76}"
EndProject
Project("{FAE04EC0-301F-11D3-BF4B-00C04F79EFBC}") = "WebbgameUi", "WebbgameUi\WebbgameUi.csproj", "{C5095361-7C6C-4D70-8C0E-2491826E9703}"
EndProject
Global
	GlobalSection(SolutionConfigurationPlatforms) = preSolution
		Debug|Any CPU = Debug|Any CPU
		Release|Any CPU = Release|Any CPU
	EndGlobalSection
	GlobalSection(ProjectConfigurationPlatforms) = postSolution
		{2D567504-E46D-40FD-8C4C-23714BDC4322}.Debug|Any CPU.ActiveCfg = Debug|Any CPU
		{2D567504-E46D-40FD-8C4C-23714BDC4322}.Debug|Any CPU.Build.0 = Debug|Any CPU
		{2D567504-E46D-40FD-8C4C-23714BDC4322}.Release|Any CPU.ActiveCfg = Release|Any CPU
		{2D567504-E46D-40FD-8C4C-23714BDC4322}.Release|Any CPU.Build.0 = Release|Any CPU
		{27A530CB-3ECF-40CD-AF4F-6E64BC3FDE65}.Debug|Any CPU.ActiveCfg = Debug|Any CPU
		{27A530CB-3ECF-40CD-AF4F-6E64BC3FDE65}.Debug|Any CPU.Build.0 = Debug|Any CPU
		{27A530CB-3ECF-40CD-AF4F-6E64BC3FDE65}.Release|Any CPU.ActiveCfg = Release|Any CPU
		{27A530CB-3ECF-40CD-AF4F-6E64BC3FDE65}.Release|Any CPU.Build.0 = Release|Any CPU
		{55B39C11-4218-4B3C-9533-EC7426AEC2B3}.Debug|Any CPU.ActiveCfg = Debug|Any CPU
		{55B39C11-4218-4B3C-9533-EC7426AEC2B3}.Debug|Any CPU.Build.0 = Debug|Any CPU
		{55B39C11-4218-4B3C-9533-EC7426AEC2B3}.Release|Any CPU.ActiveCfg = Release|Any CPU
		{55B39C11-4218-4B3C-9533-EC7426AEC2B3}.Release|Any CPU.Build.0 = Release|Any CPU
		{03A7C066-A401-42A2-9ABD-EB2EC0C945A1}.Debug|Any CPU.ActiveCfg = Debug|Any CPU
		{03A7C066-A401-42A2-9ABD-EB2EC0C945A1}.Debug|Any CPU.Build.0 = Debug|Any CPU
		{03A7C066-A401-42A2-9ABD-EB2EC0C945A1}.Release|Any CPU.ActiveCfg = Release|Any CPU
		{03A7C066-A401-42A2-9ABD-EB2EC0C945A1}.Release|Any CPU.Build.0 = Release|Any CPU
		{E6AE0CF6-65BA-413C-A659-0624C42FF3C8}.Debug|Any CPU.ActiveCfg = Debug|Any CPU
		{E6AE0CF6-65BA-413C-A659-0624C42FF3C8}.Debug|Any CPU.Build.0 = Debug|Any CPU
		{E6AE0CF6-65BA-413C-A659-0624C42FF3C8}.Release|Any CPU.ActiveCfg = Release|Any CPU
		{E6AE0CF6-65BA-413C-A659-0624C42FF3C8}.Release|Any CPU.Build.0 = Release|Any CPU
		{DC3828C0-7842-499D-833F-4F0AE01274E5}.Debug|Any CPU.ActiveCfg = Debug|Any CPU
		{DC3828C0-7842-499D-833F-4F0AE01274E5}.Debug|Any CPU.Build.0 = Debug|Any CPU
		{DC3828C0-7842-499D-833F-4F0AE01274E5}.Release|Any CPU.ActiveCfg = Release|Any CPU
		{DC3828C0-7842-499D-833F-4F0AE01274E5}.Release|Any CPU.Build.0 = Release|Any CPU
		{E1FA562E-234C-4B73-960E-D5C426CB791A}.Debug|Any CPU.ActiveCfg = Debug|Any CPU
		{E1FA562E-234C-4B73-960E-D5C426CB791A}.Debug|Any CPU.Build.0 = Debug|Any CPU
		{E1FA562E-234C-4B73-960E-D5C426CB791A}.Release|Any CPU.ActiveCfg = Release|Any CPU
		{E1FA562E-234C-4B73-960E-D5C426CB791A}.Release|Any CPU.Build.0 = Release|Any CPU
		{E0C03861-F7D8-4DB9-88E5-C4A1AB5F7CC8}.Debug|Any CPU.ActiveCfg = Debug|Any CPU
		{E0C03861-F7D8-4DB9-88E5-C4A1AB5F7CC8}.Debug|Any CPU.Build.0 = Debug|Any CPU
		{E0C03861-F7D8-4DB9-88E5-C4A1AB5F7CC8}.Release|Any CPU.ActiveCfg = Release|Any CPU
		{E0C03861-F7D8-4DB9-88E5-C4A1AB5F7CC8}.Release|Any CPU.Build.0 = Release|Any CPU
		{0A23AA0A-736A-40A3-847B-E63C2C0B097B}.Debug|Any CPU.ActiveCfg = Debug|Any CPU
		{0A23AA0A-736A-40A3-847B-E63C2C0B097B}.Debug|Any CPU.Build.0 = Debug|Any CPU
		{0A23AA0A-736A-40A3-847B-E63C2C0B097B}.Release|Any CPU.ActiveCfg = Release|Any CPU
		{0A23AA0A-736A-40A3-847B-E63C2C0B097B}.Release|Any CPU.Build.0 = Release|Any CPU
		{C5095361-7C6C-4D70-8C0E-2491826E9703}.Debug|Any CPU.ActiveCfg = Debug|Any CPU
		{C5095361-7C6C-4D70-8C0E-2491826E9703}.Debug|Any CPU.Build.0 = Debug|Any CPU
		{C5095361-7C6C-4D70-8C0E-2491826E9703}.Release|Any CPU.ActiveCfg = Release|Any CPU
		{C5095361-7C6C-4D70-8C0E-2491826E9703}.Release|Any CPU.Build.0 = Release|Any CPU
	EndGlobalSection
	GlobalSection(SolutionProperties) = preSolution
		HideSolutionNode = FALSE
	EndGlobalSection
	GlobalSection(NestedProjects) = preSolution
		{2D567504-E46D-40FD-8C4C-23714BDC4322} = {76B21D96-4F18-4E24-8EC8-D167D67E0A17}
		{27A530CB-3ECF-40CD-AF4F-6E64BC3FDE65} = {67D9D261-028A-4C47-8637-B0A5357BB082}
		{55B39C11-4218-4B3C-9533-EC7426AEC2B3} = {67D9D261-028A-4C47-8637-B0A5357BB082}
		{03A7C066-A401-42A2-9ABD-EB2EC0C945A1} = {67D9D261-028A-4C47-8637-B0A5357BB082}
		{E6AE0CF6-65BA-413C-A659-0624C42FF3C8} = {949E8143-43F5-429C-ADA1-85EFAE53B23E}
		{DC3828C0-7842-499D-833F-4F0AE01274E5} = {72C59BE6-9D68-4BB5-BAA4-598D74D98AF6}
		{E1FA562E-234C-4B73-960E-D5C426CB791A} = {72C59BE6-9D68-4BB5-BAA4-598D74D98AF6}
		{E0C03861-F7D8-4DB9-88E5-C4A1AB5F7CC8} = {76B21D96-4F18-4E24-8EC8-D167D67E0A17}
		{0A23AA0A-736A-40A3-847B-E63C2C0B097B} = {72C59BE6-9D68-4BB5-BAA4-598D74D98AF6}
		{C5095361-7C6C-4D70-8C0E-2491826E9703} = {237EA415-974B-4665-8B21-9FA6914C7B76}
	EndGlobalSection
	GlobalSection(ExtensibilityGlobals) = postSolution
		SolutionGuid = {A5BCF199-7905-400E-8703-312ED4CF3801}
	EndGlobalSection
EndGlobal
